# IF THERE'S A GIT CONFLICT IN THIS FILE, DON'T SOLVE IT MANUALLY!
# INSTEAD EXECUTE `prisma migrate fix`
# Prisma Migrate lockfile v1
# Read more about conflict resolution here: TODO

20200401223230
20200401233521
20200401233932
20200402072651
20200402073734
20200402074104
20200402082032
20200402082623
20200402082901
20200402093744
20200402093854
20200402103237
20200405211551